
Microsoft Visual Studio Solution File, Format Version 12.00
# Visual Studio 15
VisualStudioVersion = 15.0.27130.2036
MinimumVisualStudioVersion = 10.0.40219.1
Project("{8BC9CEB8-8B4A-11D0-8D11-00A0C91BC942}") = "DirichletProblemforPoissonEquation", "DirichletProblemforPoissonEquation\DirichletProblemforPoissonEquation.vcxproj", "{BA5347E9-8DB8-4B4D-82A7-E50FFDFC0CE2}"
EndProject
Global
	GlobalSection(SolutionConfigurationPlatforms) = preSolution
		Debug|x64 = Debug|x64
		Debug|x86 = Debug|x86
		Release|x64 = Release|x64
		Release|x86 = Release|x86
	EndGlobalSection
	GlobalSection(ProjectConfigurationPlatforms) = postSolution
		{BA5347E9-8DB8-4B4D-82A7-E50FFDFC0CE2}.Debug|x64.ActiveCfg = Debug|x64
		{BA5347E9-8DB8-4B4D-82A7-E50FFDFC0CE2}.Debug|x64.Build.0 = Debug|x64
		{BA5347E9-8DB8-4B4D-82A7-E50FFDFC0CE2}.Debug|x86.ActiveCfg = Debug|Win32
		{BA5347E9-8DB8-4B4D-82A7-E50FFDFC0CE2}.Debug|x86.Build.0 = Debug|Win32
		{BA5347E9-8DB8-4B4D-82A7-E50FFDFC0CE2}.Release|x64.ActiveCfg = Release|x64
		{BA5347E9-8DB8-4B4D-82A7-E50FFDFC0CE2}.Release|x64.Build.0 = Release|x64
		{BA5347E9-8DB8-4B4D-82A7-E50FFDFC0CE2}.Release|x86.ActiveCfg = Release|Win32
		{BA5347E9-8DB8-4B4D-82A7-E50FFDFC0CE2}.Release|x86.Build.0 = Release|Win32
	EndGlobalSection
	GlobalSection(SolutionProperties) = preSolution
		HideSolutionNode = FALSE
	EndGlobalSection
	GlobalSection(ExtensibilityGlobals) = postSolution
		SolutionGuid = {F021051C-2F40-4E7F-8C3B-B5FB5A6575C4}
	EndGlobalSection
EndGlobal
